{
  "name": "in-love-docs",
  "lockfileVersion": 3,
  "requires": true,
  "packages": {
    "": {
      "dependencies": {
        "docsify-copy-code": "^3.0.0"
      }
    },
    "node_modules/docsify-copy-code": {
      "version": "3.0.0",
      "resolved": "https://registry.npmjs.org/docsify-copy-code/-/docsify-copy-code-3.0.0.tgz",
      "integrity": "sha512-Y7Rc7c7JncvOhlPVgnfG3+P7RTS5EJTLrBDV/qmGhAWwYuc+RlpjQDIHlIRRgry3bjC9sYfxLl3+2+I6jWIUDA==",
      "license": "MIT"
    }
  }
}
